
Microsoft Visual Studio Solution File, Format Version 12.00
# Visual Studio Version 17
VisualStudioVersion = 17.0.31912.275
MinimumVisualStudioVersion = 10.0.40219.1
Project("{2150E333-8FDC-42A3-9474-1A3956D46DE8}") = "02", "02", "{64F7C820-06FC-4E49-8047-0F2F36997694}"
EndProject
Project("{9A19103F-16F7-4668-BE54-9A1E7A4F7556}") = "JCS2.Multithreading.UI", "JCS2.Multithreading.UI\JCS2.Multithreading.UI.csproj", "{23DC2528-7B43-4238-A389-9377AD022866}"
EndProject
Project("{FAE04EC0-301F-11D3-BF4B-00C04F79EFBC}") = "JCS2.Multithreading", "JCS2.Multithreading\JCS2.Multithreading.csproj", "{1D05AC51-80DA-4B13-9251-915AAE774E71}"
EndProject
Global
	GlobalSection(SolutionConfigurationPlatforms) = preSolution
		Debug|Any CPU = Debug|Any CPU
		Release|Any CPU = Release|Any CPU
	EndGlobalSection
	GlobalSection(ProjectConfigurationPlatforms) = postSolution
		{23DC2528-7B43-4238-A389-9377AD022866}.Debug|Any CPU.ActiveCfg = Debug|Any CPU
		{23DC2528-7B43-4238-A389-9377AD022866}.Debug|Any CPU.Build.0 = Debug|Any CPU
		{23DC2528-7B43-4238-A389-9377AD022866}.Release|Any CPU.ActiveCfg = Release|Any CPU
		{23DC2528-7B43-4238-A389-9377AD022866}.Release|Any CPU.Build.0 = Release|Any CPU
		{1D05AC51-80DA-4B13-9251-915AAE774E71}.Debug|Any CPU.ActiveCfg = Debug|Any CPU
		{1D05AC51-80DA-4B13-9251-915AAE774E71}.Debug|Any CPU.Build.0 = Debug|Any CPU
		{1D05AC51-80DA-4B13-9251-915AAE774E71}.Release|Any CPU.ActiveCfg = Release|Any CPU
		{1D05AC51-80DA-4B13-9251-915AAE774E71}.Release|Any CPU.Build.0 = Release|Any CPU
	EndGlobalSection
	GlobalSection(SolutionProperties) = preSolution
		HideSolutionNode = FALSE
	EndGlobalSection
	GlobalSection(NestedProjects) = preSolution
		{23DC2528-7B43-4238-A389-9377AD022866} = {64F7C820-06FC-4E49-8047-0F2F36997694}
		{1D05AC51-80DA-4B13-9251-915AAE774E71} = {64F7C820-06FC-4E49-8047-0F2F36997694}
	EndGlobalSection
	GlobalSection(ExtensibilityGlobals) = postSolution
		SolutionGuid = {7C7B19F7-AB6F-4FD5-AC9E-7C7F2950F5D3}
	EndGlobalSection
EndGlobal
